
Microsoft Visual Studio Solution File, Format Version 12.00
# Visual Studio 15
VisualStudioVersion = 15.0.28307.1022
MinimumVisualStudioVersion = 10.0.40219.1
Project("{FAE04EC0-301F-11D3-BF4B-00C04F79EFBC}") = "DoctorPatientInfo", "DoctorPatientInfo\DoctorPatientInfo.csproj", "{50FAD73D-822D-49B9-A97D-A21F9C0C48AF}"
EndProject
Global
	GlobalSection(SolutionConfigurationPlatforms) = preSolution
		Debug|Any CPU = Debug|Any CPU
		Release|Any CPU = Release|Any CPU
	EndGlobalSection
	GlobalSection(ProjectConfigurationPlatforms) = postSolution
		{50FAD73D-822D-49B9-A97D-A21F9C0C48AF}.Debug|Any CPU.ActiveCfg = Debug|Any CPU
		{50FAD73D-822D-49B9-A97D-A21F9C0C48AF}.Debug|Any CPU.Build.0 = Debug|Any CPU
		{50FAD73D-822D-49B9-A97D-A21F9C0C48AF}.Release|Any CPU.ActiveCfg = Release|Any CPU
		{50FAD73D-822D-49B9-A97D-A21F9C0C48AF}.Release|Any CPU.Build.0 = Release|Any CPU
	EndGlobalSection
	GlobalSection(SolutionProperties) = preSolution
		HideSolutionNode = FALSE
	EndGlobalSection
	GlobalSection(ExtensibilityGlobals) = postSolution
		SolutionGuid = {C6078672-33DE-4884-B0F4-C1CC640E2F5C}
	EndGlobalSection
EndGlobal
